Microsoft Visual Studio Solution File, Format Version 12.00
# Visual Studio Version 17
VisualStudioVersion = 17.5.2.0
MinimumVisualStudioVersion = 10.0.40219.1
Project("{FAE04EC0-301F-11D3-BF4B-00C04F79EFBC}") = "MightyRakunWebApp", "MightyRakunWebApp\MightyRakunWebApp.csproj", "{78F387DA-19B5-F283-52E8-485BC787617B}"
EndProject
Global
	GlobalSection(SolutionConfigurationPlatforms) = preSolution
		Debug|Any CPU = Debug|Any CPU
		Release|Any CPU = Release|Any CPU
	EndGlobalSection
	GlobalSection(ProjectConfigurationPlatforms) = postSolution
		{78F387DA-19B5-F283-52E8-485BC787617B}.Debug|Any CPU.ActiveCfg = Debug|Any CPU
		{78F387DA-19B5-F283-52E8-485BC787617B}.Debug|Any CPU.Build.0 = Debug|Any CPU
		{78F387DA-19B5-F283-52E8-485BC787617B}.Release|Any CPU.ActiveCfg = Release|Any CPU
		{78F387DA-19B5-F283-52E8-485BC787617B}.Release|Any CPU.Build.0 = Release|Any CPU
	EndGlobalSection
	GlobalSection(SolutionProperties) = preSolution
		HideSolutionNode = FALSE
	EndGlobalSection
	GlobalSection(ExtensibilityGlobals) = postSolution
		SolutionGuid = {64572C45-429E-4E15-8B59-0DF0E9CA2060}
	EndGlobalSection
EndGlobal
